{
    "version": "0.5",
    "requires": [
        "zlib/1.3.1#b8bc2603263cf7eccbd6e17e66b0ed76%1733936244.862",
        "xxhash/0.8.2#7856c968c985b2981b707ee8f2413b2b%1743678661.519",
        "sqlite3/3.47.0#7a0904fd061f5f8a2366c294f9387830%1729587442.707",
        "soci/4.0.3#7c8aa8d0fdd9c83870a87039fb099238%1749861625.3910046",
        "snappy/1.1.10#78a663b8609dad5a69e5445a6b703b5a%1749861624.920583",
        "rocksdb/9.7.3#0cbc0f79a4eca9be3fe35c6a9e89fe19%1749861627.2218833",
        "re2/20230301#dfd6e2bf050eb90ddd8729cfb4c844a4%1748594976.604",
        "protobuf/3.21.9#64ce20e1d9ea24f3d6c504015d5f6fa8%1700600973.88",
        "openssl/1.1.1v#216374e4fb5b2e0f5ab1fb6f27b5b434%1695655501.759",
        "nudb/2.0.8#63990d3e517038e04bf529eb8167f69f%1749861625.1605573",
        "lz4/1.10.0#59fc63cac7f10fbe8e05c7e62c2f3504%1743433196.251",
        "libbacktrace/cci.20210118#a7691bfccd8caaf66309df196790a5a1%1722218217.276",
        "libarchive/3.7.6#139574feb1a4d14c38b86a9894d7fad9%1748945102.924",
        "grpc/1.50.1#02291451d1e17200293a409410d1c4e1%1747665963.817",
        "date/3.0.3#cf28fe9c0aab99fe12da08aa42df65e1%1729472011.61",
        "c-ares/1.34.5#b78b91e7cfb1f11ce777a285bbf169c6%1747212426.217",
        "bzip2/1.0.8#00b4a4658791c1f06914e087f0e792f5%1744702067.178",
        "boost/1.83.0#8eb22f36ddfb61f54bbc412c4555bd66%1744128941.888",
        "abseil/20230802.1#f0f91485b111dc9837a68972cb19ca7b%1748442707.536"
    ],
    "build_requires": [
        "zlib/1.3.1#b8bc2603263cf7eccbd6e17e66b0ed76%1733936244.862",
        "protobuf/3.21.9#64ce20e1d9ea24f3d6c504015d5f6fa8%1700600973.88",
        "cmake/3.31.7#57c3e118bcf267552c0ea3f8bee1e7d5%1749040552.758",
        "b2/5.3.2#7b5fabfe7088ae933fb3e78302343ea0%1744766677.76"
    ],
    "python_requires": [],
    "overrides": {
        "boost/1.83.0#8eb22f36ddfb61f54bbc412c4555bd66": [
            null,
            "boost/1.83.0"
        ],
        "lz4/1.10.0#59fc63cac7f10fbe8e05c7e62c2f3504": [
            null,
            "lz4/1.10.0#59fc63cac7f10fbe8e05c7e62c2f3504"
        ],
        "sqlite3/3.47.0#7a0904fd061f5f8a2366c294f9387830": [
            null,
            "sqlite3/3.47.0"
        ],
        "protobuf/3.21.12": [
            "protobuf/3.21.9"
        ],
        "lz4/1.9.4": [
            "lz4/1.10.0"
        ]
    },
    "config_requires": []
}